<?xml version="1.0" encoding="utf-8"?>
<Project ToolsVersion="4.0" xmlns="http://schemas.microsoft.com/developer/msbuild/2003">
  <ItemGroup>
    <Filter Include="Source Files">
      <UniqueIdentifier>{4FC737F1-C7A5-4376-A066-2A32D752A2FF}</UniqueIdentifier>
      <Extensions>cpp;c;cc;cxx;c++;cppm;ixx;def;odl;idl;hpj;bat;asm;asmx</Extensions>
    </Filter>
    <Filter Include="Header Files">
      <UniqueIdentifier>{93995380-89BD-4b04-88EB-625FBE52EBFB}</UniqueIdentifier>
      <Extensions>h;hh;hpp;hxx;h++;hm;inl;inc;ipp;xsd</Extensions>
    </Filter>
    <Filter Include="Resource Files">
      <UniqueIdentifier>{67DA6AB6-F800-4c08-8B7A-83BB121AAD01}</UniqueIdentifier>
      <Extensions>rc;ico;cur;bmp;dlg;rc2;rct;bin;rgs;gif;jpg;jpeg;jpe;resx;tiff;tif;png;wav;mfcribbon-ms</Extensions>
    </Filter>
    <Filter Include="Header Files\Cmd">
      <UniqueIdentifier>{4cbe134a-c638-4b10-b815-9cba23362937}</UniqueIdentifier>
    </Filter>
    <Filter Include="Source Files\Cmd">
      <UniqueIdentifier>{acd9af2a-cfb7-4f33-8da9-34b929ef6a05}</UniqueIdentifier>
    </Filter>
  </ItemGroup>
  <ItemGroup>
    <ClCompile Include="main.cpp">
      <Filter>Source Files</Filter>
    </ClCompile>
    <ClCompile Include="Compass.cpp">
      <Filter>Source Files</Filter>
    </ClCompile>
    <ClCompile Include="Tile.cpp">
      <Filter>Source Files</Filter>
    </ClCompile>
    <ClCompile Include="EmptyTile.cpp">
      <Filter>Source Files</Filter>
    </ClCompile>
    <ClCompile Include="Drone.cpp">
      <Filter>Source Files</Filter>
    </ClCompile>
    <ClCompile Include="WorldGrid.cpp">
      <Filter>Source Files</Filter>
    </ClCompile>
    <ClCompile Include="Cmd\Forward.cpp">
      <Filter>Source Files\Cmd</Filter>
    </ClCompile>
    <ClCompile Include="Position.cpp">
      <Filter>Source Files</Filter>
    </ClCompile>
    <ClCompile Include="cmd\TurnLeft.cpp">
      <Filter>Source Files\Cmd</Filter>
    </ClCompile>
    <ClCompile Include="cmd\TurnRight.cpp">
      <Filter>Source Files\Cmd</Filter>
    </ClCompile>
    <ClCompile Include="cmd\Execute.cpp">
      <Filter>Source Files\Cmd</Filter>
    </ClCompile>
    <ClCompile Include="Cmd\Pov.cpp">
      <Filter>Source Files\Cmd</Filter>
    </ClCompile>
    <ClCompile Include="WorldGridIteratorTests.cpp">
      <Filter>Source Files</Filter>
    </ClCompile>
    <ClCompile Include="ConstIterator.cpp">
      <Filter>Source Files</Filter>
    </ClCompile>
    <ClCompile Include="NetWorkHandler.cpp">
      <Filter>Source Files</Filter>
    </ClCompile>
    <ClCompile Include="SetSensor.cpp">
      <Filter>Source Files\Cmd</Filter>
    </ClCompile>
    <ClCompile Include="DroneExecutor.cpp">
      <Filter>Source Files\Cmd</Filter>
    </ClCompile>
    <ClCompile Include="DroneFactory.cpp">
      <Filter>Source Files</Filter>
    </ClCompile>
    <ClCompile Include="WorldOccupancy.cpp">
      <Filter>Source Files</Filter>
    </ClCompile>
    <ClCompile Include="NextEmptySpawn\NextEmptySpawn.cpp">
      <Filter>Source Files</Filter>
    </ClCompile>
    <ClCompile Include="CommandProcessor.cpp">
      <Filter>Source Files</Filter>
    </ClCompile>
    <ClCompile Include="Cmd\PutMine.cpp">
      <Filter>Source Files</Filter>
    </ClCompile>
    <ClCompile Include="Mine.cpp">
      <Filter>Source Files</Filter>
    </ClCompile>
    <ClCompile Include="MineManager.cpp">
      <Filter>Source Files</Filter>
    </ClCompile>
  </ItemGroup>
  <ItemGroup>
    <ClInclude Include="BaseEssentials.h">
      <Filter>Header Files</Filter>
    </ClInclude>
    <ClInclude Include="Compass.h">
      <Filter>Header Files</Filter>
    </ClInclude>
    <ClInclude Include="Tile.h">
      <Filter>Header Files</Filter>
    </ClInclude>
    <ClInclude Include="EmptyTile.h">
      <Filter>Header Files</Filter>
    </ClInclude>
    <ClInclude Include="Drone.h">
      <Filter>Header Files</Filter>
    </ClInclude>
    <ClInclude Include="Position.h">
      <Filter>Header Files</Filter>
    </ClInclude>
    <ClInclude Include="WorldGrid.h">
      <Filter>Header Files</Filter>
    </ClInclude>
    <ClInclude Include="WallTile.h">
      <Filter>Header Files</Filter>
    </ClInclude>
    <ClInclude Include="Cmd\Command.h">
      <Filter>Header Files\Cmd</Filter>
    </ClInclude>
    <ClInclude Include="Cmd\Forward.h">
      <Filter>Header Files\Cmd</Filter>
    </ClInclude>
    <ClInclude Include="cmd\TurnLeft.h">
      <Filter>Header Files\Cmd</Filter>
    </ClInclude>
    <ClInclude Include="cmd\TurnRight.h">
      <Filter>Header Files\Cmd</Filter>
    </ClInclude>
    <ClInclude Include="cmd\Execute.h">
      <Filter>Header Files\Cmd</Filter>
    </ClInclude>
    <ClInclude Include="Cmd\Pov.h">
      <Filter>Header Files\Cmd</Filter>
    </ClInclude>
    <ClInclude Include="ExitTile.h">
      <Filter>Header Files</Filter>
    </ClInclude>
    <ClInclude Include="Cmd\SetSensor.h">
      <Filter>Header Files\Cmd</Filter>
    </ClInclude>
    <ClInclude Include="Cmd\Map.h">
      <Filter>Header Files\Cmd</Filter>
    </ClInclude>
    <ClInclude Include="NetworkHandler.h">
      <Filter>Header Files</Filter>
    </ClInclude>
    <ClInclude Include="DroneNetworkHandler.h">
      <Filter>Header Files</Filter>
    </ClInclude>
    <ClInclude Include="FixedConsumption.h">
      <Filter>Header Files</Filter>
    </ClInclude>
    <ClInclude Include="DroneFactory.h">
      <Filter>Header Files</Filter>
    </ClInclude>
    <ClInclude Include="SensorType.h">
      <Filter>Header Files</Filter>
    </ClInclude>
    <ClInclude Include="DroneCapabilities.h">
      <Filter>Header Files</Filter>
    </ClInclude>
    <ClInclude Include="DroneExecutor.h">
      <Filter>Header Files\Cmd</Filter>
    </ClInclude>
    <ClInclude Include="WorldOccupancy.h">
      <Filter>Header Files</Filter>
    </ClInclude>
    <ClInclude Include="NextEmptySpawn.h">
      <Filter>Header Files</Filter>
    </ClInclude>
    <ClInclude Include="ExecuteResult.h">
      <Filter>Header Files</Filter>
    </ClInclude>
    <ClInclude Include="ClientSession.h">
      <Filter>Header Files</Filter>
    </ClInclude>
    <ClInclude Include="CommandProcessor.h">
      <Filter>Header Files</Filter>
    </ClInclude>
    <ClInclude Include="ChargeTile.h">
      <Filter>Header Files</Filter>
    </ClInclude>
    <ClInclude Include="UnKnown.h">
      <Filter>Header Files\Cmd</Filter>
    </ClInclude>
    <ClInclude Include="Mine.h">
      <Filter>Header Files</Filter>
    </ClInclude>
    <ClInclude Include="Cmd\PutMine.h">
      <Filter>Header Files</Filter>
    </ClInclude>
    <ClInclude Include="MineManager.h">
      <Filter>Header Files</Filter>
    </ClInclude>
  </ItemGroup>
  <ItemGroup>
    <Text Include="map.txt" />
  </ItemGroup>
</Project>